{
  "lockfileVersion": 1,
  "configVersion": 1,
  "workspaces": {
    "": {
      "name": "opencode-coder",
      "dependencies": {
        "@inquirer/prompts": "^8.3.2",
        "@opencode-ai/plugin": "^1.3.17",
        "yaml": "^2.8.3",
        "zod": "^4.3.6",
      },
      "devDependencies": {
        "@types/bun": "^1.3.11",
        "typescript": "^6.0.2",
      },
    },
  },
  "packages": {
    "@inquirer/ansi": ["@inquirer/ansi@2.0.4", "", {}, "sha512-DpcZrQObd7S0R/U3bFdkcT5ebRwbTTC4D3tCc1vsJizmgPLxNJBo+AAFmrZwe8zk30P2QzgzGWZ3Q9uJwWuhIg=="],

    "@inquirer/checkbox": ["@inquirer/checkbox@5.1.2", "", { "dependencies": { "@inquirer/ansi": "^2.0.4", "@inquirer/core": "^11.1.7", "@inquirer/figures": "^2.0.4", "@inquirer/type": "^4.0.4" }, "peerDependencies": { "@types/node": ">=18" }, "optionalPeers": ["@types/node"] }, "sha512-PubpMPO2nJgMufkoB3P2wwxNXEMUXnBIKi/ACzDUYfaoPuM7gSTmuxJeMscoLVEsR4qqrCMf5p0SiYGWnVJ8kw=="],

    "@inquirer/confirm": ["@inquirer/confirm@6.0.10", "", { "dependencies": { "@inquirer/core": "^11.1.7", "@inquirer/type": "^4.0.4" }, "peerDependencies": { "@types/node": ">=18" }, "optionalPeers": ["@types/node"] }, "sha512-tiNyA73pgpQ0FQ7axqtoLUe4GDYjNCDcVsbgcA5anvwg2z6i+suEngLKKJrWKJolT//GFPZHwN30binDIHgSgQ=="],

    "@inquirer/core": ["@inquirer/core@11.1.7", "", { "dependencies": { "@inquirer/ansi": "^2.0.4", "@inquirer/figures": "^2.0.4", "@inquirer/type": "^4.0.4", "cli-width": "^4.1.0", "fast-wrap-ansi": "^0.2.0", "mute-stream": "^3.0.0", "signal-exit": "^4.1.0" }, "peerDependencies": { "@types/node": ">=18" }, "optionalPeers": ["@types/node"] }, "sha512-1BiBNDk9btIwYIzNZpkikIHXWeNzNncJePPqwDyVMhXhD1ebqbpn1mKGctpoqAbzywZfdG0O4tvmsGIcOevAPQ=="],

    "@inquirer/editor": ["@inquirer/editor@5.0.10", "", { "dependencies": { "@inquirer/core": "^11.1.7", "@inquirer/external-editor": "^2.0.4", "@inquirer/type": "^4.0.4" }, "peerDependencies": { "@types/node": ">=18" }, "optionalPeers": ["@types/node"] }, "sha512-VJx4XyaKea7t8hEApTw5dxeIyMtWXre2OiyJcICCRZI4hkoHsMoCnl/KbUnJJExLbH9csLLHMVR144ZhFE1CwA=="],

    "@inquirer/expand": ["@inquirer/expand@5.0.10", "", { "dependencies": { "@inquirer/core": "^11.1.7", "@inquirer/type": "^4.0.4" }, "peerDependencies": { "@types/node": ">=18" }, "optionalPeers": ["@types/node"] }, "sha512-fC0UHJPXsTRvY2fObiwuQYaAnHrp3aDqfwKUJSdfpgv18QUG054ezGbaRNStk/BKD5IPijeMKWej8VV8O5Q/eQ=="],

    "@inquirer/external-editor": ["@inquirer/external-editor@2.0.4", "", { "dependencies": { "chardet": "^2.1.1", "iconv-lite": "^0.7.2" }, "peerDependencies": { "@types/node": ">=18" }, "optionalPeers": ["@types/node"] }, "sha512-Prenuv9C1PHj2Itx0BcAOVBTonz02Hc2Nd2DbU67PdGUaqn0nPCnV34oDyyoaZHnmfRxkpuhh/u51ThkrO+RdA=="],

    "@inquirer/figures": ["@inquirer/figures@2.0.4", "", {}, "sha512-eLBsjlS7rPS3WEhmOmh1znQ5IsQrxWzxWDxO51e4urv+iVrSnIHbq4zqJIOiyNdYLa+BVjwOtdetcQx1lWPpiQ=="],

    "@inquirer/input": ["@inquirer/input@5.0.10", "", { "dependencies": { "@inquirer/core": "^11.1.7", "@inquirer/type": "^4.0.4" }, "peerDependencies": { "@types/node": ">=18" }, "optionalPeers": ["@types/node"] }, "sha512-nvZ6qEVeX/zVtZ1dY2hTGDQpVGD3R7MYPLODPgKO8Y+RAqxkrP3i/3NwF3fZpLdaMiNuK0z2NaYIx9tPwiSegQ=="],

    "@inquirer/number": ["@inquirer/number@4.0.10", "", { "dependencies": { "@inquirer/core": "^11.1.7", "@inquirer/type": "^4.0.4" }, "peerDependencies": { "@types/node": ">=18" }, "optionalPeers": ["@types/node"] }, "sha512-Ht8OQstxiS3APMGjHV0aYAjRAysidWdwurWEo2i8yI5xbhOBWqizT0+MU1S2GCcuhIBg+3SgWVjEoXgfhY+XaA=="],

    "@inquirer/password": ["@inquirer/password@5.0.10", "", { "dependencies": { "@inquirer/ansi": "^2.0.4", "@inquirer/core": "^11.1.7", "@inquirer/type": "^4.0.4" }, "peerDependencies": { "@types/node": ">=18" }, "optionalPeers": ["@types/node"] }, "sha512-QbNyvIE8q2GTqKLYSsA8ATG+eETo+m31DSR0+AU7x3d2FhaTWzqQek80dj3JGTo743kQc6mhBR0erMjYw5jQ0A=="],

    "@inquirer/prompts": ["@inquirer/prompts@8.3.2", "", { "dependencies": { "@inquirer/checkbox": "^5.1.2", "@inquirer/confirm": "^6.0.10", "@inquirer/editor": "^5.0.10", "@inquirer/expand": "^5.0.10", "@inquirer/input": "^5.0.10", "@inquirer/number": "^4.0.10", "@inquirer/password": "^5.0.10", "@inquirer/rawlist": "^5.2.6", "@inquirer/search": "^4.1.6", "@inquirer/select": "^5.1.2" }, "peerDependencies": { "@types/node": ">=18" }, "optionalPeers": ["@types/node"] }, "sha512-yFroiSj2iiBFlm59amdTvAcQFvWS6ph5oKESls/uqPBect7rTU2GbjyZO2DqxMGuIwVA8z0P4K6ViPcd/cp+0w=="],

    "@inquirer/rawlist": ["@inquirer/rawlist@5.2.6", "", { "dependencies": { "@inquirer/core": "^11.1.7", "@inquirer/type": "^4.0.4" }, "peerDependencies": { "@types/node": ">=18" }, "optionalPeers": ["@types/node"] }, "sha512-jfw0MLJ5TilNsa9zlJ6nmRM0ZFVZhhTICt4/6CU2Dv1ndY7l3sqqo1gIYZyMMDw0LvE1u1nzJNisfHEhJIxq5w=="],

    "@inquirer/search": ["@inquirer/search@4.1.6", "", { "dependencies": { "@inquirer/core": "^11.1.7", "@inquirer/figures": "^2.0.4", "@inquirer/type": "^4.0.4" }, "peerDependencies": { "@types/node": ">=18" }, "optionalPeers": ["@types/node"] }, "sha512-3/6kTRae98hhDevENScy7cdFEuURnSpM3JbBNg8yfXLw88HgTOl+neUuy/l9W0No5NzGsLVydhBzTIxZP7yChQ=="],

    "@inquirer/select": ["@inquirer/select@5.1.2", "", { "dependencies": { "@inquirer/ansi": "^2.0.4", "@inquirer/core": "^11.1.7", "@inquirer/figures": "^2.0.4", "@inquirer/type": "^4.0.4" }, "peerDependencies": { "@types/node": ">=18" }, "optionalPeers": ["@types/node"] }, "sha512-kTK8YIkHV+f02y7bWCh7E0u2/11lul5WepVTclr3UMBtBr05PgcZNWfMa7FY57ihpQFQH/spLMHTcr0rXy50tA=="],

    "@inquirer/type": ["@inquirer/type@4.0.4", "", { "peerDependencies": { "@types/node": ">=18" }, "optionalPeers": ["@types/node"] }, "sha512-PamArxO3cFJZoOzspzo6cxVlLeIftyBsZw/S9bKY5DzxqJVZgjoj1oP8d0rskKtp7sZxBycsoer1g6UeJV1BBA=="],

    "@opencode-ai/plugin": ["@opencode-ai/plugin@1.3.17", "", { "dependencies": { "@opencode-ai/sdk": "1.3.17", "zod": "4.1.8" }, "peerDependencies": { "@opentui/core": ">=0.1.96", "@opentui/solid": ">=0.1.96" }, "optionalPeers": ["@opentui/core", "@opentui/solid"] }, "sha512-N5lckFtYvEu2R8K1um//MIOTHsJHniF2kHoPIWPCrxKG5Jpismt1ISGzIiU3aKI2ht/9VgcqKPC5oZFLdmpxPw=="],

    "@opencode-ai/sdk": ["@opencode-ai/sdk@1.3.17", "", { "dependencies": { "cross-spawn": "7.0.6" } }, "sha512-2+MGgu7wynqTBwxezR01VAGhILXlpcHDY/pF7SWB87WOgLt3kD55HjKHNj6PWxyY8n575AZolR95VUC3gtwfmA=="],

    "@types/bun": ["@types/bun@1.3.11", "", { "dependencies": { "bun-types": "1.3.11" } }, "sha512-5vPne5QvtpjGpsGYXiFyycfpDF2ECyPcTSsFBMa0fraoxiQyMJ3SmuQIGhzPg2WJuWxVBoxWJ2kClYTcw/4fAg=="],

    "@types/node": ["@types/node@25.0.3", "", { "dependencies": { "undici-types": "~7.16.0" } }, "sha512-W609buLVRVmeW693xKfzHeIV6nJGGz98uCPfeXI1ELMLXVeKYZ9m15fAMSaUPBHYLGFsVRcMmSCksQOrZV9BYA=="],

    "bun-types": ["bun-types@1.3.11", "", { "dependencies": { "@types/node": "*" } }, "sha512-1KGPpoxQWl9f6wcZh57LvrPIInQMn2TQ7jsgxqpRzg+l0QPOFvJVH7HmvHo/AiPgwXy+/Thf6Ov3EdVn1vOabg=="],

    "chardet": ["chardet@2.1.1", "", {}, "sha512-PsezH1rqdV9VvyNhxxOW32/d75r01NY7TQCmOqomRo15ZSOKbpTFVsfjghxo6JloQUCGnH4k1LGu0R4yCLlWQQ=="],

    "cli-width": ["cli-width@4.1.0", "", {}, "sha512-ouuZd4/dm2Sw5Gmqy6bGyNNNe1qt9RpmxveLSO7KcgsTnU7RXfsw+/bukWGo1abgBiMAic068rclZsO4IWmmxQ=="],

    "cross-spawn": ["cross-spawn@7.0.6", "", { "dependencies": { "path-key": "^3.1.0", "shebang-command": "^2.0.0", "which": "^2.0.1" } }, "sha512-uV2QOWP2nWzsy2aMp8aRibhi9dlzF5Hgh5SHaB9OiTGEyDTiJJyx0uy51QXdyWbtAHNua4XJzUKca3OzKUd3vA=="],

    "fast-string-truncated-width": ["fast-string-truncated-width@3.0.3", "", {}, "sha512-0jjjIEL6+0jag3l2XWWizO64/aZVtpiGE3t0Zgqxv0DPuxiMjvB3M24fCyhZUO4KomJQPj3LTSUnDP3GpdwC0g=="],

    "fast-string-width": ["fast-string-width@3.0.2", "", { "dependencies": { "fast-string-truncated-width": "^3.0.2" } }, "sha512-gX8LrtNEI5hq8DVUfRQMbr5lpaS4nMIWV+7XEbXk2b8kiQIizgnlr12B4dA3ZEx3308ze0O4Q1R+cHts8kyUJg=="],

    "fast-wrap-ansi": ["fast-wrap-ansi@0.2.0", "", { "dependencies": { "fast-string-width": "^3.0.2" } }, "sha512-rLV8JHxTyhVmFYhBJuMujcrHqOT2cnO5Zxj37qROj23CP39GXubJRBUFF0z8KFK77Uc0SukZUf7JZhsVEQ6n8w=="],

    "iconv-lite": ["iconv-lite@0.7.2", "", { "dependencies": { "safer-buffer": ">= 2.1.2 < 3.0.0" } }, "sha512-im9DjEDQ55s9fL4EYzOAv0yMqmMBSZp6G0VvFyTMPKWxiSBHUj9NW/qqLmXUwXrrM7AvqSlTCfvqRb0cM8yYqw=="],

    "isexe": ["isexe@2.0.0", "", {}, "sha512-RHxMLp9lnKHGHRng9QFhRCMbYAcVpn69smSGcq3f36xjgVVWThj4qqLbTLlq7Ssj8B+fIQ1EuCEGI2lKsyQeIw=="],

    "mute-stream": ["mute-stream@3.0.0", "", {}, "sha512-dkEJPVvun4FryqBmZ5KhDo0K9iDXAwn08tMLDinNdRBNPcYEDiWYysLcc6k3mjTMlbP9KyylvRpd4wFtwrT9rw=="],

    "path-key": ["path-key@3.1.1", "", {}, "sha512-ojmeN0qd+y0jszEtoY48r0Peq5dwMEkIlCOu6Q5f41lfkswXuKtYrhgoTpLnyIcHm24Uhqx+5Tqm2InSwLhE6Q=="],

    "safer-buffer": ["safer-buffer@2.1.2", "", {}, "sha512-YZo3K82SD7Riyi0E1EQPojLz7kpepnSQI9IyPbHHg1XXXevb5dJI7tpyN2ADxGcQbHG7vcyRHk0cbwqcQriUtg=="],

    "shebang-command": ["shebang-command@2.0.0", "", { "dependencies": { "shebang-regex": "^3.0.0" } }, "sha512-kHxr2zZpYtdmrN1qDjrrX/Z1rR1kG8Dx+gkpK1G4eXmvXswmcE1hTWBWYUzlraYw1/yZp6YuDY77YtvbN0dmDA=="],

    "shebang-regex": ["shebang-regex@3.0.0", "", {}, "sha512-7++dFhtcx3353uBaq8DDR4NuxBetBzC7ZQOhmTQInHEd6bSrXdiEyzCvG07Z44UYdLShWUyXt5M/yhz8ekcb1A=="],

    "signal-exit": ["signal-exit@4.1.0", "", {}, "sha512-bzyZ1e88w9O1iNJbKnOlvYTrWPDl46O1bG0D3XInv+9tkPrxrN8jUUTiFlDkkmKWgn1M6CfIA13SuGqOa9Korw=="],

    "typescript": ["typescript@6.0.2", "", { "bin": { "tsc": "bin/tsc", "tsserver": "bin/tsserver" } }, "sha512-bGdAIrZ0wiGDo5l8c++HWtbaNCWTS4UTv7RaTH/ThVIgjkveJt83m74bBHMJkuCbslY8ixgLBVZJIOiQlQTjfQ=="],

    "undici-types": ["undici-types@7.16.0", "", {}, "sha512-Zz+aZWSj8LE6zoxD+xrjh4VfkIG8Ya6LvYkZqtUQGJPZjYl53ypCaUwWqo7eI0x66KBGeRo+mlBEkMSeSZ38Nw=="],

    "which": ["which@2.0.2", "", { "dependencies": { "isexe": "^2.0.0" }, "bin": { "node-which": "./bin/node-which" } }, "sha512-BLI3Tl1TW3Pvl70l3yq3Y64i+awpwXqsGBYWkkqMtnbXgrMD+yj7rhW0kuEDxzJaYXGjEW5ogapKNMEKNMjibA=="],

    "yaml": ["yaml@2.8.3", "", { "bin": { "yaml": "bin.mjs" } }, "sha512-AvbaCLOO2Otw/lW5bmh9d/WEdcDFdQp2Z2ZUH3pX9U2ihyUY0nvLv7J6TrWowklRGPYbB/IuIMfYgxaCPg5Bpg=="],

    "zod": ["zod@4.3.6", "", {}, "sha512-rftlrkhHZOcjDwkGlnUtZZkvaPHCsDATp4pGpuOOMDaTdDDXF91wuVDJoWoPsKX/3YPQ5fHuF3STjcYyKr+Qhg=="],

    "@opencode-ai/plugin/zod": ["zod@4.1.8", "", {}, "sha512-5R1P+WwQqmmMIEACyzSvo4JXHY5WiAFHRMg+zBZKgKS+Q1viRa0C1hmUKtHltoIFKtIdki3pRxkmpP74jnNYHQ=="],
  }
}
